// !$*UTF8*$!
{
	archiveVersion = 1;
	classes = {
	};
	objectVersion = 50;
	objects = {

/* Begin PBXBuildFile section */
		17078AE524AC66FC00782E20 /* SCN3DArrow.swift in Sources */ = {isa = PBXBuildFile; fileRef = 17078AE424AC66FC00782E20 /* SCN3DArrow.swift */; };
		1707A7AF249CACAB00A90FCA /* Earthquake2.swift in Sources */ = {isa = PBXBuildFile; fileRef = 1707A7AE249CACAB00A90FCA /* Earthquake2.swift */; };
		1720B383248B522C001202E5 /* GetLocationWindow.swift in Sources */ = {isa = PBXBuildFile; fileRef = 1720B382248B522C001202E5 /* GetLocationWindow.swift */; };
		1720B385248B5255001202E5 /* GetLocationCode.swift in Sources */ = {isa = PBXBuildFile; fileRef = 1720B384248B5255001202E5 /* GetLocationCode.swift */; };
		1720B388248B68A1001202E5 /* AutoLocationProtocol.swift in Sources */ = {isa = PBXBuildFile; fileRef = 1720B387248B68A1001202E5 /* AutoLocationProtocol.swift */; };
		1720B38A248B8181001202E5 /* +NightMask.swift in Sources */ = {isa = PBXBuildFile; fileRef = 1720B389248B8181001202E5 /* +NightMask.swift */; };
		1720B38C248B81B3001202E5 /* +2DHours.swift in Sources */ = {isa = PBXBuildFile; fileRef = 1720B38B248B81B3001202E5 /* +2DHours.swift */; };
		1720B38E248B82A9001202E5 /* +2DCities.swift in Sources */ = {isa = PBXBuildFile; fileRef = 1720B38D248B82A9001202E5 /* +2DCities.swift */; };
		1727EA5824B15CD10051EA3B /* +UserCamera.swift in Sources */ = {isa = PBXBuildFile; fileRef = 1727EA5724B15CD10051EA3B /* +UserCamera.swift */; };
		1727EA5A24B170730051EA3B /* Queue.swift in Sources */ = {isa = PBXBuildFile; fileRef = 1727EA5924B170730051EA3B /* Queue.swift */; };
		1727EA5D24B184230051EA3B /* Tree.swift in Sources */ = {isa = PBXBuildFile; fileRef = 1727EA5C24B184230051EA3B /* Tree.swift */; };
		173EB18B2490D1B7006CDB86 /* +Orbits.swift in Sources */ = {isa = PBXBuildFile; fileRef = 173EB18A2490D1B7006CDB86 /* +Orbits.swift */; };
		1740F49B2493173A00F6FAAE /* Hours.swift in Sources */ = {isa = PBXBuildFile; fileRef = 1740F49A2493173A00F6FAAE /* Hours.swift */; };
		1744316F2480F2C10087B00A /* ActualMapIO.swift in Sources */ = {isa = PBXBuildFile; fileRef = 1744316E2480F2C10087B00A /* ActualMapIO.swift */; };
		174623D124A81B2B007F5D4C /* DebugSettingsCode.swift in Sources */ = {isa = PBXBuildFile; fileRef = 174623D024A81B2B007F5D4C /* DebugSettingsCode.swift */; };
		174623D324A83026007F5D4C /* +ChangedSettings.swift in Sources */ = {isa = PBXBuildFile; fileRef = 174623D224A83026007F5D4C /* +ChangedSettings.swift */; };
		174623D624A83FF0007F5D4C /* StarField3DWindow.swift in Sources */ = {isa = PBXBuildFile; fileRef = 174623D524A83FF0007F5D4C /* StarField3DWindow.swift */; };
		174623D824A8400E007F5D4C /* StarField3DCode.swift in Sources */ = {isa = PBXBuildFile; fileRef = 174623D724A8400E007F5D4C /* StarField3DCode.swift */; };
		174F0107248CCD6C00F610DD /* MapManager.storyboard in Resources */ = {isa = PBXBuildFile; fileRef = 174F0106248CCD6C00F610DD /* MapManager.storyboard */; };
		174F010A248CD03200F610DD /* MapManagerWindow.swift in Sources */ = {isa = PBXBuildFile; fileRef = 174F0109248CD03200F610DD /* MapManagerWindow.swift */; };
		174F010C248CD05E00F610DD /* MapManagerCode.swift in Sources */ = {isa = PBXBuildFile; fileRef = 174F010B248CD05E00F610DD /* MapManagerCode.swift */; };
		1750961C2482531100A3757C /* MainWindow.swift in Sources */ = {isa = PBXBuildFile; fileRef = 1750961B2482531100A3757C /* MainWindow.swift */; };
		17523CD2247B8E11005209FC /* +MoreLocations.swift in Sources */ = {isa = PBXBuildFile; fileRef = 17523CD1247B8E11005209FC /* +MoreLocations.swift */; };
		17523CD4247B8E62005209FC /* WorldHeritageSite.swift in Sources */ = {isa = PBXBuildFile; fileRef = 17523CD3247B8E62005209FC /* WorldHeritageSite.swift */; };
		17523CD6247B937F005209FC /* UnescoSites.db in Resources */ = {isa = PBXBuildFile; fileRef = 17523CD5247B937F005209FC /* UnescoSites.db */; };
		17523CDB247B973E005209FC /* +FlatView.swift in Sources */ = {isa = PBXBuildFile; fileRef = 17523CDA247B973E005209FC /* +FlatView.swift */; };
		1757CACD24949C3F00ECA8C1 /* 3DDebugWindow.swift in Sources */ = {isa = PBXBuildFile; fileRef = 1757CACC24949C3F00ECA8C1 /* 3DDebugWindow.swift */; };
		1757CACF24949C6300ECA8C1 /* 3DDebugController.swift in Sources */ = {isa = PBXBuildFile; fileRef = 1757CACE24949C6300ECA8C1 /* 3DDebugController.swift */; };
		1759AE59249F7715003F79F5 /* ContainerController.swift in Sources */ = {isa = PBXBuildFile; fileRef = 1759AE58249F7715003F79F5 /* ContainerController.swift */; };
		1759AE5B249F7781003F79F5 /* MainSettingsBase.swift in Sources */ = {isa = PBXBuildFile; fileRef = 1759AE5A249F7781003F79F5 /* MainSettingsBase.swift */; };
		1759AE5E249F811E003F79F5 /* OtherOptions.swift in Sources */ = {isa = PBXBuildFile; fileRef = 1759AE5D249F811E003F79F5 /* OtherOptions.swift */; };
		1759AE60249F817B003F79F5 /* MapSelector.swift in Sources */ = {isa = PBXBuildFile; fileRef = 1759AE5F249F817B003F79F5 /* MapSelector.swift */; };
		1759AE62249F81A4003F79F5 /* UserLocation.swift in Sources */ = {isa = PBXBuildFile; fileRef = 1759AE61249F81A4003F79F5 /* UserLocation.swift */; };
		1759AE64249F81D3003F79F5 /* View2DSettingsWindow.swift in Sources */ = {isa = PBXBuildFile; fileRef = 1759AE63249F81D3003F79F5 /* View2DSettingsWindow.swift */; };
		1759AE66249F81F6003F79F5 /* View3DSettingsWindow.swift in Sources */ = {isa = PBXBuildFile; fileRef = 1759AE65249F81F6003F79F5 /* View3DSettingsWindow.swift */; };
		1759AE68249F8215003F79F5 /* OtherLocationsWindow.swift in Sources */ = {isa = PBXBuildFile; fileRef = 1759AE67249F8215003F79F5 /* OtherLocationsWindow.swift */; };
		1759AE6A249F823A003F79F5 /* EarthquakeSettingsWindow.swift in Sources */ = {isa = PBXBuildFile; fileRef = 1759AE69249F823A003F79F5 /* EarthquakeSettingsWindow.swift */; };
		1759AE6C249F8264003F79F5 /* CitySettingsWindow.swift in Sources */ = {isa = PBXBuildFile; fileRef = 1759AE6B249F8264003F79F5 /* CitySettingsWindow.swift */; };
		1759FC6524A61355001B1D4B /* RecentEarthquakes.storyboard in Resources */ = {isa = PBXBuildFile; fileRef = 1759FC6424A61355001B1D4B /* RecentEarthquakes.storyboard */; };
		1759FC6724A615A2001B1D4B /* RecentEarthquakeWindow.swift in Sources */ = {isa = PBXBuildFile; fileRef = 1759FC6624A615A2001B1D4B /* RecentEarthquakeWindow.swift */; };
		1759FC6924A615BD001B1D4B /* RecentEarthquakeController.swift in Sources */ = {isa = PBXBuildFile; fileRef = 1759FC6824A615BD001B1D4B /* RecentEarthquakeController.swift */; };
		175F18EC2499E4C30052F653 /* LiveDataViewer.swift in Sources */ = {isa = PBXBuildFile; fileRef = 175F18EB2499E4C30052F653 /* LiveDataViewer.swift */; };
		1767A8E424794A0100C434B5 /* AppDelegate.swift in Sources */ = {isa = PBXBuildFile; fileRef = 1767A8E324794A0100C434B5 /* AppDelegate.swift */; };
		1767A8E624794A0100C434B5 /* MainView.swift in Sources */ = {isa = PBXBuildFile; fileRef = 1767A8E524794A0100C434B5 /* MainView.swift */; };
		1767A8E824794A0300C434B5 /* Assets.xcassets in Resources */ = {isa = PBXBuildFile; fileRef = 1767A8E724794A0300C434B5 /* Assets.xcassets */; };
		1767A8EB24794A0300C434B5 /* Main.storyboard in Resources */ = {isa = PBXBuildFile; fileRef = 1767A8E924794A0300C434B5 /* Main.storyboard */; };
		177EE5D22480D47800CAD1B9 /* ActualMapList.swift in Sources */ = {isa = PBXBuildFile; fileRef = 177EE5D12480D47800CAD1B9 /* ActualMapList.swift */; };
		177EE5D42480D49200CAD1B9 /* ActualMap.swift in Sources */ = {isa = PBXBuildFile; fileRef = 177EE5D32480D49200CAD1B9 /* ActualMap.swift */; };
		177EE5D62480D4A700CAD1B9 /* ActualMapGroup.swift in Sources */ = {isa = PBXBuildFile; fileRef = 177EE5D52480D4A700CAD1B9 /* ActualMapGroup.swift */; };
		178A86932488C0E000BE8D46 /* AboutWindow.swift in Sources */ = {isa = PBXBuildFile; fileRef = 178A86922488C0E000BE8D46 /* AboutWindow.swift */; };
		178A86952488C0F800BE8D46 /* About.storyboard in Resources */ = {isa = PBXBuildFile; fileRef = 178A86942488C0F800BE8D46 /* About.storyboard */; };
		178A86972488C23C00BE8D46 /* AboutController.swift in Sources */ = {isa = PBXBuildFile; fileRef = 178A86962488C23C00BE8D46 /* AboutController.swift */; };
		178A869A2488C3B600BE8D46 /* AboutDetailsController.swift in Sources */ = {isa = PBXBuildFile; fileRef = 178A86992488C3B600BE8D46 /* AboutDetailsController.swift */; };
		178A869C2488C3D100BE8D46 /* AboutDetailsWindow.swift in Sources */ = {isa = PBXBuildFile; fileRef = 178A869B2488C3D100BE8D46 /* AboutDetailsWindow.swift */; };
		178A869E2489101E00BE8D46 /* StarField.swift in Sources */ = {isa = PBXBuildFile; fileRef = 178A869D2489101E00BE8D46 /* StarField.swift */; };
		178A86A02489108C00BE8D46 /* +CubicEarth.swift in Sources */ = {isa = PBXBuildFile; fileRef = 178A869F2489108C00BE8D46 /* +CubicEarth.swift */; };
		178A86A22489127C00BE8D46 /* +Hours.swift in Sources */ = {isa = PBXBuildFile; fileRef = 178A86A12489127C00BE8D46 /* +Hours.swift */; };
		178A86A4248912FA00BE8D46 /* +Locations.swift in Sources */ = {isa = PBXBuildFile; fileRef = 178A86A3248912FA00BE8D46 /* +Locations.swift */; };
		178A86A72489132800BE8D46 /* GlobeProtocol.swift in Sources */ = {isa = PBXBuildFile; fileRef = 178A86A62489132800BE8D46 /* GlobeProtocol.swift */; };
		178A86A92489134300BE8D46 /* +GridLines.swift in Sources */ = {isa = PBXBuildFile; fileRef = 178A86A82489134300BE8D46 /* +GridLines.swift */; };
		178A86AB2489135C00BE8D46 /* GlobeView.swift in Sources */ = {isa = PBXBuildFile; fileRef = 178A86AA2489135C00BE8D46 /* GlobeView.swift */; };
		1792105D2495B23400626FD9 /* SCNSimpleArrow.swift in Sources */ = {isa = PBXBuildFile; fileRef = 1792105C2495B23400626FD9 /* SCNSimpleArrow.swift */; };
		1792105F2495BA6900626FD9 /* SCNTriangle.swift in Sources */ = {isa = PBXBuildFile; fileRef = 1792105E2495BA6900626FD9 /* SCNTriangle.swift */; };
		17A978A224A720A2004EECAC /* WindowManagement.swift in Sources */ = {isa = PBXBuildFile; fileRef = 17A978A124A71F09004EECAC /* WindowManagement.swift */; };
		17B4411024861CE30050A5DF /* CityColorWindow.swift in Sources */ = {isa = PBXBuildFile; fileRef = 17B4410F24861CE30050A5DF /* CityColorWindow.swift */; };
		17B4411224861CFD0050A5DF /* CityColorCode.swift in Sources */ = {isa = PBXBuildFile; fileRef = 17B4411124861CFD0050A5DF /* CityColorCode.swift */; };
		17BD9E8224867D400054B25E /* ConfirmDialogWindow.swift in Sources */ = {isa = PBXBuildFile; fileRef = 17BD9E8124867D400054B25E /* ConfirmDialogWindow.swift */; };
		17BD9E8424867D5E0054B25E /* ConfirmDialogCode.swift in Sources */ = {isa = PBXBuildFile; fileRef = 17BD9E8324867D5E0054B25E /* ConfirmDialogCode.swift */; };
		17BD9E8624867DB60054B25E /* ConfirmProtocol.swift in Sources */ = {isa = PBXBuildFile; fileRef = 17BD9E8524867DB60054B25E /* ConfirmProtocol.swift */; };
		17CC8BB92491C8E400CACED5 /* SCNRegular.swift in Sources */ = {isa = PBXBuildFile; fileRef = 17CC8BB82491C8E400CACED5 /* SCNRegular.swift */; };
		17CC8BBD2491EAA200CACED5 /* SCNPin.swift in Sources */ = {isa = PBXBuildFile; fileRef = 17CC8BBC2491EAA200CACED5 /* SCNPin.swift */; };
		17D2F6BB2484F6A600404510 /* UserLocationEditorWindow.swift in Sources */ = {isa = PBXBuildFile; fileRef = 17D2F6BA2484F6A600404510 /* UserLocationEditorWindow.swift */; };
		17D2F6BF24851FB900404510 /* MainSettingsWindow.swift in Sources */ = {isa = PBXBuildFile; fileRef = 17D2F6BE24851FB900404510 /* MainSettingsWindow.swift */; };
		17D55F2F249DE4DA00A64B2B /* +2DEarthquakes.swift in Sources */ = {isa = PBXBuildFile; fileRef = 17D55F2E249DE4DA00A64B2B /* +2DEarthquakes.swift */; };
		17DDA0452484E9750090E1EB /* UserLocationEditorController.swift in Sources */ = {isa = PBXBuildFile; fileRef = 17DDA0442484E9750090E1EB /* UserLocationEditorController.swift */; };
		17DDA0472484EB280090E1EB /* LocationEditingProtocol.swift in Sources */ = {isa = PBXBuildFile; fileRef = 17DDA0462484EB280090E1EB /* LocationEditingProtocol.swift */; };
		17EB790524AEC8D100BB0473 /* K-Means.swift in Sources */ = {isa = PBXBuildFile; fileRef = 17EB790424AEC8D100BB0473 /* K-Means.swift */; };
		17EB790824AEEE6B00BB0473 /* EarthquakeDebugWindow.swift in Sources */ = {isa = PBXBuildFile; fileRef = 17EB790724AEEE6B00BB0473 /* EarthquakeDebugWindow.swift */; };
		17EB790A24AEEE9800BB0473 /* EarthquakeDebugController.swift in Sources */ = {isa = PBXBuildFile; fileRef = 17EB790924AEEE9800BB0473 /* EarthquakeDebugController.swift */; };
		17EB790C24AEEED100BB0473 /* EarthquakeDebugger.storyboard in Resources */ = {isa = PBXBuildFile; fileRef = 17EB790B24AEEED100BB0473 /* EarthquakeDebugger.storyboard */; };
		17EF337F247A472C00A5B55D /* Settings.storyboard in Resources */ = {isa = PBXBuildFile; fileRef = 17EF337E247A472C00A5B55D /* Settings.storyboard */; };
		17EF3389247A4E3D00A5B55D /* MainProtocol.swift in Sources */ = {isa = PBXBuildFile; fileRef = 17EF3388247A4E3D00A5B55D /* MainProtocol.swift */; };
		17EF338C247A4EBB00A5B55D /* Settings.swift in Sources */ = {isa = PBXBuildFile; fileRef = 17EF338B247A4EBB00A5B55D /* Settings.swift */; };
		17EF338E247A4F3A00A5B55D /* SettingChangedProtocol.swift in Sources */ = {isa = PBXBuildFile; fileRef = 17EF338D247A4F3A00A5B55D /* SettingChangedProtocol.swift */; };
		17EF3390247A4F5D00A5B55D /* SettingTypes.swift in Sources */ = {isa = PBXBuildFile; fileRef = 17EF338F247A4F5D00A5B55D /* SettingTypes.swift */; };
		17EF3393247A66D200A5B55D /* MapManager.swift in Sources */ = {isa = PBXBuildFile; fileRef = 17EF3392247A66D200A5B55D /* MapManager.swift */; };
		17EF3395247A66F000A5B55D /* MapList.swift in Sources */ = {isa = PBXBuildFile; fileRef = 17EF3394247A66F000A5B55D /* MapList.swift */; };
		17EF3397247A670B00A5B55D /* MapItem.swift in Sources */ = {isa = PBXBuildFile; fileRef = 17EF3396247A670B00A5B55D /* MapItem.swift */; };
		17EF339A247A673900A5B55D /* FileIO.swift in Sources */ = {isa = PBXBuildFile; fileRef = 17EF3399247A673900A5B55D /* FileIO.swift */; };
		17EF339C247A68C600A5B55D /* Enums.swift in Sources */ = {isa = PBXBuildFile; fileRef = 17EF339B247A68C600A5B55D /* Enums.swift */; };
		17EF339E247A690500A5B55D /* SCNStar.swift in Sources */ = {isa = PBXBuildFile; fileRef = 17EF339D247A690500A5B55D /* SCNStar.swift */; };
		17EF33A1247A695400A5B55D /* Extensions.swift in Sources */ = {isa = PBXBuildFile; fileRef = 17EF33A0247A695400A5B55D /* Extensions.swift */; };
		17EF33A3247A699300A5B55D /* Utility.swift in Sources */ = {isa = PBXBuildFile; fileRef = 17EF33A2247A699300A5B55D /* Utility.swift */; };
		17EF33A6247A934A00A5B55D /* Julian.swift in Sources */ = {isa = PBXBuildFile; fileRef = 17EF33A5247A934A00A5B55D /* Julian.swift */; };
		17EF33A8247A936900A5B55D /* Solar.swift in Sources */ = {isa = PBXBuildFile; fileRef = 17EF33A7247A936900A5B55D /* Solar.swift */; };
		17EF33AA247A938D00A5B55D /* Geometry.swift in Sources */ = {isa = PBXBuildFile; fileRef = 17EF33A9247A938D00A5B55D /* Geometry.swift */; };
		17EF33AC247A93A300A5B55D /* GeoPoint2.swift in Sources */ = {isa = PBXBuildFile; fileRef = 17EF33AB247A93A300A5B55D /* GeoPoint2.swift */; };
		17EF33AE247A93C400A5B55D /* TimeHelper.swift in Sources */ = {isa = PBXBuildFile; fileRef = 17EF33AD247A93C400A5B55D /* TimeHelper.swift */; };
		17EF33B0247A93DC00A5B55D /* Miscellaneous.swift in Sources */ = {isa = PBXBuildFile; fileRef = 17EF33AF247A93DC00A5B55D /* Miscellaneous.swift */; };
		17EF33B2247A93ED00A5B55D /* Sun.swift in Sources */ = {isa = PBXBuildFile; fileRef = 17EF33B1247A93ED00A5B55D /* Sun.swift */; };
		17EF33B4247A940900A5B55D /* OrbitalElements.swift in Sources */ = {isa = PBXBuildFile; fileRef = 17EF33B3247A940800A5B55D /* OrbitalElements.swift */; };
		17EF33B7247A94BA00A5B55D /* City.swift in Sources */ = {isa = PBXBuildFile; fileRef = 17EF33B6247A94BA00A5B55D /* City.swift */; };
		17EF33B9247A94DB00A5B55D /* Cities.swift in Sources */ = {isa = PBXBuildFile; fileRef = 17EF33B8247A94DB00A5B55D /* Cities.swift */; };
		17EF33BB247A94F900A5B55D /* CitiesData.swift in Sources */ = {isa = PBXBuildFile; fileRef = 17EF33BA247A94F900A5B55D /* CitiesData.swift */; };
		17EF33BD247A951400A5B55D /* TimeZoneTable.swift in Sources */ = {isa = PBXBuildFile; fileRef = 17EF33BC247A951400A5B55D /* TimeZoneTable.swift */; };
		17EF33BF247A958B00A5B55D /* Versioning.swift in Sources */ = {isa = PBXBuildFile; fileRef = 17EF33BE247A958B00A5B55D /* Versioning.swift */; };
		17EF33C1247A95E300A5B55D /* ColorList.swift in Sources */ = {isa = PBXBuildFile; fileRef = 17EF33C0247A95E300A5B55D /* ColorList.swift */; };
		17EF33C3247A961C00A5B55D /* SunGenerator.swift in Sources */ = {isa = PBXBuildFile; fileRef = 17EF33C2247A961C00A5B55D /* SunGenerator.swift */; };
		17F440D7247CD72E00FD440E /* +DrawGrid.swift in Sources */ = {isa = PBXBuildFile; fileRef = 17F440D6247CD72E00FD440E /* +DrawGrid.swift */; };
		17F782BF249741B8000A568E /* Earthquake.swift in Sources */ = {isa = PBXBuildFile; fileRef = 17F782BE249741B8000A568E /* Earthquake.swift */; };
		17F782C1249742A1000A568E /* USGS.swift in Sources */ = {isa = PBXBuildFile; fileRef = 17F782C0249742A1000A568E /* USGS.swift */; };
		17F782C324974442000A568E /* AsynchronousDataProtocol.swift in Sources */ = {isa = PBXBuildFile; fileRef = 17F782C224974442000A568E /* AsynchronousDataProtocol.swift */; };
		17F782C524979218000A568E /* +Earthquakes.swift in Sources */ = {isa = PBXBuildFile; fileRef = 17F782C424979218000A568E /* +Earthquakes.swift */; };
		17FC2213249879BE005A0929 /* LiveData.storyboard in Resources */ = {isa = PBXBuildFile; fileRef = 17FC2212249879BE005A0929 /* LiveData.storyboard */; };
		17FC221524987B1A005A0929 /* LiveDataViewWindow.swift in Sources */ = {isa = PBXBuildFile; fileRef = 17FC221424987B1A005A0929 /* LiveDataViewWindow.swift */; };
		17FCCCD724A31EF500393F36 /* Earthquake2Window.swift in Sources */ = {isa = PBXBuildFile; fileRef = 17FCCCD624A31EF500393F36 /* Earthquake2Window.swift */; };
		17FCCCD924A31F1A00393F36 /* Earthquake2Controller.swift in Sources */ = {isa = PBXBuildFile; fileRef = 17FCCCD824A31F1A00393F36 /* Earthquake2Controller.swift */; };
/* End PBXBuildFile section */

/* Begin PBXFileReference section */
		17078AE424AC66FC00782E20 /* SCN3DArrow.swift */ = {isa = PBXFileReference; lastKnownFileType = sourcecode.swift; path = SCN3DArrow.swift; sourceTree = "<group>"; };
		1707A7AE249CACAB00A90FCA /* Earthquake2.swift */ = {isa = PBXFileReference; lastKnownFileType = sourcecode.swift; path = Earthquake2.swift; sourceTree = "<group>"; };
		1720B382248B522C001202E5 /* GetLocationWindow.swift */ = {isa = PBXFileReference; lastKnownFileType = sourcecode.swift; path = GetLocationWindow.swift; sourceTree = "<group>"; };
		1720B384248B5255001202E5 /* GetLocationCode.swift */ = {isa = PBXFileReference; lastKnownFileType = sourcecode.swift; path = GetLocationCode.swift; sourceTree = "<group>"; };
		1720B387248B68A1001202E5 /* AutoLocationProtocol.swift */ = {isa = PBXFileReference; lastKnownFileType = sourcecode.swift; path = AutoLocationProtocol.swift; sourceTree = "<group>"; };
		1720B389248B8181001202E5 /* +NightMask.swift */ = {isa = PBXFileReference; lastKnownFileType = sourcecode.swift; path = "+NightMask.swift"; sourceTree = "<group>"; };
		1720B38B248B81B3001202E5 /* +2DHours.swift */ = {isa = PBXFileReference; lastKnownFileType = sourcecode.swift; path = "+2DHours.swift"; sourceTree = "<group>"; };
		1720B38D248B82A9001202E5 /* +2DCities.swift */ = {isa = PBXFileReference; lastKnownFileType = sourcecode.swift; path = "+2DCities.swift"; sourceTree = "<group>"; };
		1727EA5724B15CD10051EA3B /* +UserCamera.swift */ = {isa = PBXFileReference; lastKnownFileType = sourcecode.swift; path = "+UserCamera.swift"; sourceTree = "<group>"; };
		1727EA5924B170730051EA3B /* Queue.swift */ = {isa = PBXFileReference; lastKnownFileType = sourcecode.swift; path = Queue.swift; sourceTree = "<group>"; };
		1727EA5C24B184230051EA3B /* Tree.swift */ = {isa = PBXFileReference; lastKnownFileType = sourcecode.swift; path = Tree.swift; sourceTree = "<group>"; };
		173EB18A2490D1B7006CDB86 /* +Orbits.swift */ = {isa = PBXFileReference; lastKnownFileType = sourcecode.swift; path = "+Orbits.swift"; sourceTree = "<group>"; };
		1740F49A2493173A00F6FAAE /* Hours.swift */ = {isa = PBXFileReference; lastKnownFileType = sourcecode.swift; path = Hours.swift; sourceTree = "<group>"; };
		1744316E2480F2C10087B00A /* ActualMapIO.swift */ = {isa = PBXFileReference; lastKnownFileType = sourcecode.swift; path = ActualMapIO.swift; sourceTree = "<group>"; };
		174623D024A81B2B007F5D4C /* DebugSettingsCode.swift */ = {isa = PBXFileReference; lastKnownFileType = sourcecode.swift; path = DebugSettingsCode.swift; sourceTree = "<group>"; };
		174623D224A83026007F5D4C /* +ChangedSettings.swift */ = {isa = PBXFileReference; lastKnownFileType = sourcecode.swift; path = "+ChangedSettings.swift"; sourceTree = "<group>"; };
		174623D524A83FF0007F5D4C /* StarField3DWindow.swift */ = {isa = PBXFileReference; lastKnownFileType = sourcecode.swift; path = StarField3DWindow.swift; sourceTree = "<group>"; };
		174623D724A8400E007F5D4C /* StarField3DCode.swift */ = {isa = PBXFileReference; lastKnownFileType = sourcecode.swift; path = StarField3DCode.swift; sourceTree = "<group>"; };
		174F0106248CCD6C00F610DD /* MapManager.storyboard */ = {isa = PBXFileReference; lastKnownFileType = file.storyboard; path = MapManager.storyboard; sourceTree = "<group>"; };
		174F0109248CD03200F610DD /* MapManagerWindow.swift */ = {isa = PBXFileReference; lastKnownFileType = sourcecode.swift; path = MapManagerWindow.swift; sourceTree = "<group>"; };
		174F010B248CD05E00F610DD /* MapManagerCode.swift */ = {isa = PBXFileReference; lastKnownFileType = sourcecode.swift; path = MapManagerCode.swift; sourceTree = "<group>"; };
		1750961B2482531100A3757C /* MainWindow.swift */ = {isa = PBXFileReference; lastKnownFileType = sourcecode.swift; path = MainWindow.swift; sourceTree = "<group>"; };
		17523CD1247B8E11005209FC /* +MoreLocations.swift */ = {isa = PBXFileReference; lastKnownFileType = sourcecode.swift; path = "+MoreLocations.swift"; sourceTree = "<group>"; };
		17523CD3247B8E62005209FC /* WorldHeritageSite.swift */ = {isa = PBXFileReference; lastKnownFileType = sourcecode.swift; path = WorldHeritageSite.swift; sourceTree = "<group>"; };
		17523CD5247B937F005209FC /* UnescoSites.db */ = {isa = PBXFileReference; lastKnownFileType = file; path = UnescoSites.db; sourceTree = "<group>"; };
		17523CDA247B973E005209FC /* +FlatView.swift */ = {isa = PBXFileReference; lastKnownFileType = sourcecode.swift; path = "+FlatView.swift"; sourceTree = "<group>"; };
		1757CACC24949C3F00ECA8C1 /* 3DDebugWindow.swift */ = {isa = PBXFileReference; lastKnownFileType = sourcecode.swift; path = 3DDebugWindow.swift; sourceTree = "<group>"; };
		1757CACE24949C6300ECA8C1 /* 3DDebugController.swift */ = {isa = PBXFileReference; lastKnownFileType = sourcecode.swift; path = 3DDebugController.swift; sourceTree = "<group>"; };
		1759AE58249F7715003F79F5 /* ContainerController.swift */ = {isa = PBXFileReference; lastKnownFileType = sourcecode.swift; path = ContainerController.swift; sourceTree = "<group>"; };
		1759AE5A249F7781003F79F5 /* MainSettingsBase.swift */ = {isa = PBXFileReference; lastKnownFileType = sourcecode.swift; path = MainSettingsBase.swift; sourceTree = "<group>"; };
		1759AE5D249F811E003F79F5 /* OtherOptions.swift */ = {isa = PBXFileReference; lastKnownFileType = sourcecode.swift; path = OtherOptions.swift; sourceTree = "<group>"; };
		1759AE5F249F817B003F79F5 /* MapSelector.swift */ = {isa = PBXFileReference; lastKnownFileType = sourcecode.swift; path = MapSelector.swift; sourceTree = "<group>"; };
		1759AE61249F81A4003F79F5 /* UserLocation.swift */ = {isa = PBXFileReference; lastKnownFileType = sourcecode.swift; path = UserLocation.swift; sourceTree = "<group>"; };
		1759AE63249F81D3003F79F5 /* View2DSettingsWindow.swift */ = {isa = PBXFileReference; lastKnownFileType = sourcecode.swift; path = View2DSettingsWindow.swift; sourceTree = "<group>"; };
		1759AE65249F81F6003F79F5 /* View3DSettingsWindow.swift */ = {isa = PBXFileReference; lastKnownFileType = sourcecode.swift; path = View3DSettingsWindow.swift; sourceTree = "<group>"; };
		1759AE67249F8215003F79F5 /* OtherLocationsWindow.swift */ = {isa = PBXFileReference; lastKnownFileType = sourcecode.swift; path = OtherLocationsWindow.swift; sourceTree = "<group>"; };
		1759AE69249F823A003F79F5 /* EarthquakeSettingsWindow.swift */ = {isa = PBXFileReference; lastKnownFileType = sourcecode.swift; path = EarthquakeSettingsWindow.swift; sourceTree = "<group>"; };
		1759AE6B249F8264003F79F5 /* CitySettingsWindow.swift */ = {isa = PBXFileReference; lastKnownFileType = sourcecode.swift; path = CitySettingsWindow.swift; sourceTree = "<group>"; };
		1759FC6424A61355001B1D4B /* RecentEarthquakes.storyboard */ = {isa = PBXFileReference; lastKnownFileType = file.storyboard; path = RecentEarthquakes.storyboard; sourceTree = "<group>"; };
		1759FC6624A615A2001B1D4B /* RecentEarthquakeWindow.swift */ = {isa = PBXFileReference; lastKnownFileType = sourcecode.swift; path = RecentEarthquakeWindow.swift; sourceTree = "<group>"; };
		1759FC6824A615BD001B1D4B /* RecentEarthquakeController.swift */ = {isa = PBXFileReference; lastKnownFileType = sourcecode.swift; path = RecentEarthquakeController.swift; sourceTree = "<group>"; };
		175F18EB2499E4C30052F653 /* LiveDataViewer.swift */ = {isa = PBXFileReference; lastKnownFileType = sourcecode.swift; path = LiveDataViewer.swift; sourceTree = "<group>"; };
		1767A8E024794A0100C434B5 /* Flatland.app */ = {isa = PBXFileReference; explicitFileType = wrapper.application; includeInIndex = 0; path = Flatland.app; sourceTree = BUILT_PRODUCTS_DIR; };
		1767A8E324794A0100C434B5 /* AppDelegate.swift */ = {isa = PBXFileReference; lastKnownFileType = sourcecode.swift; path = AppDelegate.swift; sourceTree = "<group>"; };
		1767A8E524794A0100C434B5 /* MainView.swift */ = {isa = PBXFileReference; lastKnownFileType = sourcecode.swift; path = MainView.swift; sourceTree = "<group>"; };
		1767A8E724794A0300C434B5 /* Assets.xcassets */ = {isa = PBXFileReference; lastKnownFileType = folder.assetcatalog; path = Assets.xcassets; sourceTree = "<group>"; };
		1767A8EA24794A0300C434B5 /* Base */ = {isa = PBXFileReference; lastKnownFileType = file.storyboard; name = Base; path = Base.lproj/Main.storyboard; sourceTree = "<group>"; };
		1767A8EC24794A0300C434B5 /* Info.plist */ = {isa = PBXFileReference; lastKnownFileType = text.plist.xml; path = Info.plist; sourceTree = "<group>"; };
		1767A8ED24794A0300C434B5 /* FlatlandView.entitlements */ = {isa = PBXFileReference; lastKnownFileType = text.plist.entitlements; path = FlatlandView.entitlements; sourceTree = "<group>"; };
		177EE5D12480D47800CAD1B9 /* ActualMapList.swift */ = {isa = PBXFileReference; lastKnownFileType = sourcecode.swift; path = ActualMapList.swift; sourceTree = "<group>"; };
		177EE5D32480D49200CAD1B9 /* ActualMap.swift */ = {isa = PBXFileReference; lastKnownFileType = sourcecode.swift; path = ActualMap.swift; sourceTree = "<group>"; };
		177EE5D52480D4A700CAD1B9 /* ActualMapGroup.swift */ = {isa = PBXFileReference; lastKnownFileType = sourcecode.swift; path = ActualMapGroup.swift; sourceTree = "<group>"; };
		178A86922488C0E000BE8D46 /* AboutWindow.swift */ = {isa = PBXFileReference; lastKnownFileType = sourcecode.swift; path = AboutWindow.swift; sourceTree = "<group>"; };
		178A86942488C0F800BE8D46 /* About.storyboard */ = {isa = PBXFileReference; lastKnownFileType = file.storyboard; path = About.storyboard; sourceTree = "<group>"; };
		178A86962488C23C00BE8D46 /* AboutController.swift */ = {isa = PBXFileReference; lastKnownFileType = sourcecode.swift; path = AboutController.swift; sourceTree = "<group>"; };
		178A86992488C3B600BE8D46 /* AboutDetailsController.swift */ = {isa = PBXFileReference; lastKnownFileType = sourcecode.swift; path = AboutDetailsController.swift; sourceTree = "<group>"; };
		178A869B2488C3D100BE8D46 /* AboutDetailsWindow.swift */ = {isa = PBXFileReference; lastKnownFileType = sourcecode.swift; path = AboutDetailsWindow.swift; sourceTree = "<group>"; };
		178A869D2489101E00BE8D46 /* StarField.swift */ = {isa = PBXFileReference; lastKnownFileType = sourcecode.swift; path = StarField.swift; sourceTree = "<group>"; };
		178A869F2489108C00BE8D46 /* +CubicEarth.swift */ = {isa = PBXFileReference; lastKnownFileType = sourcecode.swift; path = "+CubicEarth.swift"; sourceTree = "<group>"; };
		178A86A12489127C00BE8D46 /* +Hours.swift */ = {isa = PBXFileReference; lastKnownFileType = sourcecode.swift; path = "+Hours.swift"; sourceTree = "<group>"; };
		178A86A3248912FA00BE8D46 /* +Locations.swift */ = {isa = PBXFileReference; lastKnownFileType = sourcecode.swift; path = "+Locations.swift"; sourceTree = "<group>"; };
		178A86A62489132800BE8D46 /* GlobeProtocol.swift */ = {isa = PBXFileReference; lastKnownFileType = sourcecode.swift; path = GlobeProtocol.swift; sourceTree = "<group>"; };
		178A86A82489134300BE8D46 /* +GridLines.swift */ = {isa = PBXFileReference; lastKnownFileType = sourcecode.swift; path = "+GridLines.swift"; sourceTree = "<group>"; };
		178A86AA2489135C00BE8D46 /* GlobeView.swift */ = {isa = PBXFileReference; lastKnownFileType = sourcecode.swift; path = GlobeView.swift; sourceTree = "<group>"; };
		1792105C2495B23400626FD9 /* SCNSimpleArrow.swift */ = {isa = PBXFileReference; lastKnownFileType = sourcecode.swift; path = SCNSimpleArrow.swift; sourceTree = "<group>"; };
		1792105E2495BA6900626FD9 /* SCNTriangle.swift */ = {isa = PBXFileReference; lastKnownFileType = sourcecode.swift; path = SCNTriangle.swift; sourceTree = "<group>"; };
		17A978A124A71F09004EECAC /* WindowManagement.swift */ = {isa = PBXFileReference; lastKnownFileType = sourcecode.swift; path = WindowManagement.swift; sourceTree = "<group>"; };
		17B4410F24861CE30050A5DF /* CityColorWindow.swift */ = {isa = PBXFileReference; lastKnownFileType = sourcecode.swift; path = CityColorWindow.swift; sourceTree = "<group>"; };
		17B4411124861CFD0050A5DF /* CityColorCode.swift */ = {isa = PBXFileReference; lastKnownFileType = sourcecode.swift; path = CityColorCode.swift; sourceTree = "<group>"; };
		17BD9E8124867D400054B25E /* ConfirmDialogWindow.swift */ = {isa = PBXFileReference; lastKnownFileType = sourcecode.swift; path = ConfirmDialogWindow.swift; sourceTree = "<group>"; };
		17BD9E8324867D5E0054B25E /* ConfirmDialogCode.swift */ = {isa = PBXFileReference; lastKnownFileType = sourcecode.swift; path = ConfirmDialogCode.swift; sourceTree = "<group>"; };
		17BD9E8524867DB60054B25E /* ConfirmProtocol.swift */ = {isa = PBXFileReference; lastKnownFileType = sourcecode.swift; path = ConfirmProtocol.swift; sourceTree = "<group>"; };
		17CC8BB82491C8E400CACED5 /* SCNRegular.swift */ = {isa = PBXFileReference; lastKnownFileType = sourcecode.swift; path = SCNRegular.swift; sourceTree = "<group>"; };
		17CC8BBC2491EAA200CACED5 /* SCNPin.swift */ = {isa = PBXFileReference; lastKnownFileType = sourcecode.swift; path = SCNPin.swift; sourceTree = "<group>"; };
		17D2F6BA2484F6A600404510 /* UserLocationEditorWindow.swift */ = {isa = PBXFileReference; lastKnownFileType = sourcecode.swift; path = UserLocationEditorWindow.swift; sourceTree = "<group>"; };
		17D2F6BE24851FB900404510 /* MainSettingsWindow.swift */ = {isa = PBXFileReference; lastKnownFileType = sourcecode.swift; path = MainSettingsWindow.swift; sourceTree = "<group>"; };
		17D55F2E249DE4DA00A64B2B /* +2DEarthquakes.swift */ = {isa = PBXFileReference; lastKnownFileType = sourcecode.swift; path = "+2DEarthquakes.swift"; sourceTree = "<group>"; };
		17DDA0442484E9750090E1EB /* UserLocationEditorController.swift */ = {isa = PBXFileReference; lastKnownFileType = sourcecode.swift; path = UserLocationEditorController.swift; sourceTree = "<group>"; };
		17DDA0462484EB280090E1EB /* LocationEditingProtocol.swift */ = {isa = PBXFileReference; lastKnownFileType = sourcecode.swift; path = LocationEditingProtocol.swift; sourceTree = "<group>"; };
		17EB790424AEC8D100BB0473 /* K-Means.swift */ = {isa = PBXFileReference; lastKnownFileType = sourcecode.swift; path = "K-Means.swift"; sourceTree = "<group>"; };
		17EB790724AEEE6B00BB0473 /* EarthquakeDebugWindow.swift */ = {isa = PBXFileReference; lastKnownFileType = sourcecode.swift; path = EarthquakeDebugWindow.swift; sourceTree = "<group>"; };
		17EB790924AEEE9800BB0473 /* EarthquakeDebugController.swift */ = {isa = PBXFileReference; lastKnownFileType = sourcecode.swift; path = EarthquakeDebugController.swift; sourceTree = "<group>"; };
		17EB790B24AEEED100BB0473 /* EarthquakeDebugger.storyboard */ = {isa = PBXFileReference; lastKnownFileType = file.storyboard; path = EarthquakeDebugger.storyboard; sourceTree = "<group>"; };
		17EF337E247A472C00A5B55D /* Settings.storyboard */ = {isa = PBXFileReference; lastKnownFileType = file.storyboard; path = Settings.storyboard; sourceTree = "<group>"; };
		17EF3388247A4E3D00A5B55D /* MainProtocol.swift */ = {isa = PBXFileReference; lastKnownFileType = sourcecode.swift; path = MainProtocol.swift; sourceTree = "<group>"; };
		17EF338B247A4EBB00A5B55D /* Settings.swift */ = {isa = PBXFileReference; lastKnownFileType = sourcecode.swift; path = Settings.swift; sourceTree = "<group>"; };
		17EF338D247A4F3A00A5B55D /* SettingChangedProtocol.swift */ = {isa = PBXFileReference; lastKnownFileType = sourcecode.swift; path = SettingChangedProtocol.swift; sourceTree = "<group>"; };
		17EF338F247A4F5D00A5B55D /* SettingTypes.swift */ = {isa = PBXFileReference; lastKnownFileType = sourcecode.swift; path = SettingTypes.swift; sourceTree = "<group>"; };
		17EF3392247A66D200A5B55D /* MapManager.swift */ = {isa = PBXFileReference; lastKnownFileType = sourcecode.swift; path = MapManager.swift; sourceTree = "<group>"; };
		17EF3394247A66F000A5B55D /* MapList.swift */ = {isa = PBXFileReference; lastKnownFileType = sourcecode.swift; path = MapList.swift; sourceTree = "<group>"; };
		17EF3396247A670B00A5B55D /* MapItem.swift */ = {isa = PBXFileReference; lastKnownFileType = sourcecode.swift; path = MapItem.swift; sourceTree = "<group>"; };
		17EF3399247A673900A5B55D /* FileIO.swift */ = {isa = PBXFileReference; lastKnownFileType = sourcecode.swift; path = FileIO.swift; sourceTree = "<group>"; };
		17EF339B247A68C600A5B55D /* Enums.swift */ = {isa = PBXFileReference; lastKnownFileType = sourcecode.swift; path = Enums.swift; sourceTree = "<group>"; };
		17EF339D247A690500A5B55D /* SCNStar.swift */ = {isa = PBXFileReference; lastKnownFileType = sourcecode.swift; path = SCNStar.swift; sourceTree = "<group>"; };
		17EF33A0247A695400A5B55D /* Extensions.swift */ = {isa = PBXFileReference; lastKnownFileType = sourcecode.swift; path = Extensions.swift; sourceTree = "<group>"; };
		17EF33A2247A699300A5B55D /* Utility.swift */ = {isa = PBXFileReference; lastKnownFileType = sourcecode.swift; path = Utility.swift; sourceTree = "<group>"; };
		17EF33A5247A934A00A5B55D /* Julian.swift */ = {isa = PBXFileReference; lastKnownFileType = sourcecode.swift; path = Julian.swift; sourceTree = "<group>"; };
		17EF33A7247A936900A5B55D /* Solar.swift */ = {isa = PBXFileReference; lastKnownFileType = sourcecode.swift; path = Solar.swift; sourceTree = "<group>"; };
		17EF33A9247A938D00A5B55D /* Geometry.swift */ = {isa = PBXFileReference; lastKnownFileType = sourcecode.swift; path = Geometry.swift; sourceTree = "<group>"; };
		17EF33AB247A93A300A5B55D /* GeoPoint2.swift */ = {isa = PBXFileReference; lastKnownFileType = sourcecode.swift; path = GeoPoint2.swift; sourceTree = "<group>"; };
		17EF33AD247A93C400A5B55D /* TimeHelper.swift */ = {isa = PBXFileReference; lastKnownFileType = sourcecode.swift; path = TimeHelper.swift; sourceTree = "<group>"; };
		17EF33AF247A93DC00A5B55D /* Miscellaneous.swift */ = {isa = PBXFileReference; lastKnownFileType = sourcecode.swift; path = Miscellaneous.swift; sourceTree = "<group>"; };
		17EF33B1247A93ED00A5B55D /* Sun.swift */ = {isa = PBXFileReference; lastKnownFileType = sourcecode.swift; path = Sun.swift; sourceTree = "<group>"; };
		17EF33B3247A940800A5B55D /* OrbitalElements.swift */ = {isa = PBXFileReference; lastKnownFileType = sourcecode.swift; path = OrbitalElements.swift; sourceTree = "<group>"; };
		17EF33B6247A94BA00A5B55D /* City.swift */ = {isa = PBXFileReference; lastKnownFileType = sourcecode.swift; path = City.swift; sourceTree = "<group>"; };
		17EF33B8247A94DB00A5B55D /* Cities.swift */ = {isa = PBXFileReference; lastKnownFileType = sourcecode.swift; path = Cities.swift; sourceTree = "<group>"; };
		17EF33BA247A94F900A5B55D /* CitiesData.swift */ = {isa = PBXFileReference; lastKnownFileType = sourcecode.swift; path = CitiesData.swift; sourceTree = "<group>"; };
		17EF33BC247A951400A5B55D /* TimeZoneTable.swift */ = {isa = PBXFileReference; lastKnownFileType = sourcecode.swift; path = TimeZoneTable.swift; sourceTree = "<group>"; };
		17EF33BE247A958B00A5B55D /* Versioning.swift */ = {isa = PBXFileReference; lastKnownFileType = sourcecode.swift; path = Versioning.swift; sourceTree = "<group>"; };
		17EF33C0247A95E300A5B55D /* ColorList.swift */ = {isa = PBXFileReference; lastKnownFileType = sourcecode.swift; path = ColorList.swift; sourceTree = "<group>"; };
		17EF33C2247A961C00A5B55D /* SunGenerator.swift */ = {isa = PBXFileReference; lastKnownFileType = sourcecode.swift; path = SunGenerator.swift; sourceTree = "<group>"; };
		17F440D6247CD72E00FD440E /* +DrawGrid.swift */ = {isa = PBXFileReference; lastKnownFileType = sourcecode.swift; path = "+DrawGrid.swift"; sourceTree = "<group>"; };
		17F782BE249741B8000A568E /* Earthquake.swift */ = {isa = PBXFileReference; lastKnownFileType = sourcecode.swift; path = Earthquake.swift; sourceTree = "<group>"; };
		17F782C0249742A1000A568E /* USGS.swift */ = {isa = PBXFileReference; lastKnownFileType = sourcecode.swift; path = USGS.swift; sourceTree = "<group>"; };
		17F782C224974442000A568E /* AsynchronousDataProtocol.swift */ = {isa = PBXFileReference; lastKnownFileType = sourcecode.swift; path = AsynchronousDataProtocol.swift; sourceTree = "<group>"; };
		17F782C424979218000A568E /* +Earthquakes.swift */ = {isa = PBXFileReference; lastKnownFileType = sourcecode.swift; path = "+Earthquakes.swift"; sourceTree = "<group>"; };
		17FC2212249879BE005A0929 /* LiveData.storyboard */ = {isa = PBXFileReference; lastKnownFileType = file.storyboard; path = LiveData.storyboard; sourceTree = "<group>"; };
		17FC221424987B1A005A0929 /* LiveDataViewWindow.swift */ = {isa = PBXFileReference; lastKnownFileType = sourcecode.swift; path = LiveDataViewWindow.swift; sourceTree = "<group>"; };
		17FCCCD624A31EF500393F36 /* Earthquake2Window.swift */ = {isa = PBXFileReference; lastKnownFileType = sourcecode.swift; path = Earthquake2Window.swift; sourceTree = "<group>"; };
		17FCCCD824A31F1A00393F36 /* Earthquake2Controller.swift */ = {isa = PBXFileReference; lastKnownFileType = sourcecode.swift; path = Earthquake2Controller.swift; sourceTree = "<group>"; };
/* End PBXFileReference section */

/* Begin PBXFrameworksBuildPhase section */
		1767A8DD24794A0100C434B5 /* Frameworks */ = {
			isa = PBXFrameworksBuildPhase;
			buildActionMask = 2147483647;
			files = (
			);
			runOnlyForDeploymentPostprocessing = 0;
		};
/* End PBXFrameworksBuildPhase section */

/* Begin PBXGroup section */
		1713766824960E1400EF715E /* Earthquakes */ = {
			isa = PBXGroup;
			children = (
				1713766924960E2000EF715E /* USGS */,
			);
			path = Earthquakes;
			sourceTree = "<group>";
		};
		1713766924960E2000EF715E /* USGS */ = {
			isa = PBXGroup;
			children = (
				17F782C0249742A1000A568E /* USGS.swift */,
				17F782BE249741B8000A568E /* Earthquake.swift */,
				1707A7AE249CACAB00A90FCA /* Earthquake2.swift */,
			);
			path = USGS;
			sourceTree = "<group>";
		};
		1727EA5B24B184110051EA3B /* DataStructures */ = {
			isa = PBXGroup;
			children = (
				1727EA5924B170730051EA3B /* Queue.swift */,
				1727EA5C24B184230051EA3B /* Tree.swift */,
			);
			path = DataStructures;
			sourceTree = "<group>";
		};
		173A104D248B39B300793216 /* GetLocation */ = {
			isa = PBXGroup;
			children = (
				1720B382248B522C001202E5 /* GetLocationWindow.swift */,
				1720B384248B5255001202E5 /* GetLocationCode.swift */,
				1720B387248B68A1001202E5 /* AutoLocationProtocol.swift */,
			);
			path = GetLocation;
			sourceTree = "<group>";
		};
		174623D424A83FD4007F5D4C /* StarField3D */ = {
			isa = PBXGroup;
			children = (
				174623D524A83FF0007F5D4C /* StarField3DWindow.swift */,
				174623D724A8400E007F5D4C /* StarField3DCode.swift */,
			);
			path = StarField3D;
			sourceTree = "<group>";
		};
		174F0108248CD01E00F610DD /* MapManager */ = {
			isa = PBXGroup;
			children = (
				174F0109248CD03200F610DD /* MapManagerWindow.swift */,
				174F010B248CD05E00F610DD /* MapManagerCode.swift */,
			);
			path = MapManager;
			sourceTree = "<group>";
		};
		174F010D248CD0F700F610DD /* MainSettings */ = {
			isa = PBXGroup;
			children = (
				174623D424A83FD4007F5D4C /* StarField3D */,
				17EB790624AEEE5100BB0473 /* EarthquakeDebug */,
				1759FC6324A61302001B1D4B /* RecentEarthquakes */,
				174F0108248CD01E00F610DD /* MapManager */,
				173A104D248B39B300793216 /* GetLocation */,
				17BD9E8024867D290054B25E /* Confirmation */,
				17B4410E24861CD40050A5DF /* CityColor */,
				17B4410D24861CB90050A5DF /* UserLocation */,
				1757CACB24949C2A00ECA8C1 /* 3DDebug */,
				1759AE5C249F80EB003F79F5 /* OptionsWindows */,
				1759AE58249F7715003F79F5 /* ContainerController.swift */,
				1759AE5A249F7781003F79F5 /* MainSettingsBase.swift */,
				17D2F6BE24851FB900404510 /* MainSettingsWindow.swift */,
			);
			path = MainSettings;
			sourceTree = "<group>";
		};
		17523CD0247B8DF8005209FC /* MainViewExtensions */ = {
			isa = PBXGroup;
			children = (
				17523CD1247B8E11005209FC /* +MoreLocations.swift */,
				174623D224A83026007F5D4C /* +ChangedSettings.swift */,
				17523CD3247B8E62005209FC /* WorldHeritageSite.swift */,
			);
			path = MainViewExtensions;
			sourceTree = "<group>";
		};
		17523CD7247B9716005209FC /* Views */ = {
			isa = PBXGroup;
			children = (
				1740F49A2493173A00F6FAAE /* Hours.swift */,
				17FC2210249878F8005A0929 /* Ancillary */,
				17523CD8247B971F005209FC /* 2D */,
				17523CD9247B9725005209FC /* 3D */,
			);
			path = Views;
			sourceTree = "<group>";
		};
		17523CD8247B971F005209FC /* 2D */ = {
			isa = PBXGroup;
			children = (
				17523CDA247B973E005209FC /* +FlatView.swift */,
				17D55F2E249DE4DA00A64B2B /* +2DEarthquakes.swift */,
				17F440D6247CD72E00FD440E /* +DrawGrid.swift */,
				1720B389248B8181001202E5 /* +NightMask.swift */,
				1720B38B248B81B3001202E5 /* +2DHours.swift */,
				1720B38D248B82A9001202E5 /* +2DCities.swift */,
			);
			path = 2D;
			sourceTree = "<group>";
		};
		17523CD9247B9725005209FC /* 3D */ = {
			isa = PBXGroup;
			children = (
				178A86AA2489135C00BE8D46 /* GlobeView.swift */,
				178A86A82489134300BE8D46 /* +GridLines.swift */,
				178A86A3248912FA00BE8D46 /* +Locations.swift */,
				178A86A12489127C00BE8D46 /* +Hours.swift */,
				178A869F2489108C00BE8D46 /* +CubicEarth.swift */,
				173EB18A2490D1B7006CDB86 /* +Orbits.swift */,
				17F782C424979218000A568E /* +Earthquakes.swift */,
				1727EA5724B15CD10051EA3B /* +UserCamera.swift */,
				178A869D2489101E00BE8D46 /* StarField.swift */,
				178A86A62489132800BE8D46 /* GlobeProtocol.swift */,
			);
			path = 3D;
			sourceTree = "<group>";
		};
		1757CACB24949C2A00ECA8C1 /* 3DDebug */ = {
			isa = PBXGroup;
			children = (
				1757CACC24949C3F00ECA8C1 /* 3DDebugWindow.swift */,
				1757CACE24949C6300ECA8C1 /* 3DDebugController.swift */,
			);
			path = 3DDebug;
			sourceTree = "<group>";
		};
		1759AE5C249F80EB003F79F5 /* OptionsWindows */ = {
			isa = PBXGroup;
			children = (
				1759AE5D249F811E003F79F5 /* OtherOptions.swift */,
				1759AE5F249F817B003F79F5 /* MapSelector.swift */,
				1759AE61249F81A4003F79F5 /* UserLocation.swift */,
				1759AE63249F81D3003F79F5 /* View2DSettingsWindow.swift */,
				1759AE65249F81F6003F79F5 /* View3DSettingsWindow.swift */,
				1759AE67249F8215003F79F5 /* OtherLocationsWindow.swift */,
				1759AE69249F823A003F79F5 /* EarthquakeSettingsWindow.swift */,
				1759AE6B249F8264003F79F5 /* CitySettingsWindow.swift */,
				174623D024A81B2B007F5D4C /* DebugSettingsCode.swift */,
			);
			path = OptionsWindows;
			sourceTree = "<group>";
		};
		1759FC6324A61302001B1D4B /* RecentEarthquakes */ = {
			isa = PBXGroup;
			children = (
				1759FC6424A61355001B1D4B /* RecentEarthquakes.storyboard */,
				1759FC6624A615A2001B1D4B /* RecentEarthquakeWindow.swift */,
				1759FC6824A615BD001B1D4B /* RecentEarthquakeController.swift */,
			);
			path = RecentEarthquakes;
			sourceTree = "<group>";
		};
		1767A8D724794A0100C434B5 = {
			isa = PBXGroup;
			children = (
				1767A8E224794A0100C434B5 /* FlatlandView */,
				1767A8E124794A0100C434B5 /* Products */,
				17523CD5247B937F005209FC /* UnescoSites.db */,
			);
			sourceTree = "<group>";
		};
		1767A8E124794A0100C434B5 /* Products */ = {
			isa = PBXGroup;
			children = (
				1767A8E024794A0100C434B5 /* Flatland.app */,
			);
			name = Products;
			sourceTree = "<group>";
		};
		1767A8E224794A0100C434B5 /* FlatlandView */ = {
			isa = PBXGroup;
			children = (
				1792108024960DDD00626FD9 /* RemoteData */,
				178A86912488C0CF00BE8D46 /* About */,
				17EF33A4247A933100A5B55D /* Astronomy */,
				17EF339F247A691C00A5B55D /* Shapes */,
				17EF33B5247A94A800A5B55D /* Cities */,
				17EF3398247A672B00A5B55D /* Utilities */,
				17EF3391247A66BF00A5B55D /* Maps */,
				17EF338A247A4EAF00A5B55D /* Settings */,
				17EF3382247A4AF200A5B55D /* SettingsCode */,
				17EF337D247A470400A5B55D /* SettingsStoryboards */,
				17523CD7247B9716005209FC /* Views */,
				17523CD0247B8DF8005209FC /* MainViewExtensions */,
				1767A8E324794A0100C434B5 /* AppDelegate.swift */,
				1750961B2482531100A3757C /* MainWindow.swift */,
				1767A8E524794A0100C434B5 /* MainView.swift */,
				17EF3388247A4E3D00A5B55D /* MainProtocol.swift */,
				17A978A124A71F09004EECAC /* WindowManagement.swift */,
				1767A8E924794A0300C434B5 /* Main.storyboard */,
				17EF33BE247A958B00A5B55D /* Versioning.swift */,
				17EF339B247A68C600A5B55D /* Enums.swift */,
				1767A8E724794A0300C434B5 /* Assets.xcassets */,
				1767A8EC24794A0300C434B5 /* Info.plist */,
				1767A8ED24794A0300C434B5 /* FlatlandView.entitlements */,
			);
			path = FlatlandView;
			sourceTree = "<group>";
		};
		177EE5D72480D4AE00CAD1B9 /* Actual */ = {
			isa = PBXGroup;
			children = (
				177EE5D12480D47800CAD1B9 /* ActualMapList.swift */,
				177EE5D52480D4A700CAD1B9 /* ActualMapGroup.swift */,
				177EE5D32480D49200CAD1B9 /* ActualMap.swift */,
				1744316E2480F2C10087B00A /* ActualMapIO.swift */,
			);
			path = Actual;
			sourceTree = "<group>";
		};
		177EE5D82480D4BD00CAD1B9 /* Logical */ = {
			isa = PBXGroup;
			children = (
				17EF3392247A66D200A5B55D /* MapManager.swift */,
				17EF3394247A66F000A5B55D /* MapList.swift */,
				17EF3396247A670B00A5B55D /* MapItem.swift */,
			);
			path = Logical;
			sourceTree = "<group>";
		};
		178A86912488C0CF00BE8D46 /* About */ = {
			isa = PBXGroup;
			children = (
				178A86942488C0F800BE8D46 /* About.storyboard */,
				178A86922488C0E000BE8D46 /* AboutWindow.swift */,
				178A86962488C23C00BE8D46 /* AboutController.swift */,
				178A86992488C3B600BE8D46 /* AboutDetailsController.swift */,
				178A869B2488C3D100BE8D46 /* AboutDetailsWindow.swift */,
			);
			path = About;
			sourceTree = "<group>";
		};
		1792108024960DDD00626FD9 /* RemoteData */ = {
			isa = PBXGroup;
			children = (
				1713766824960E1400EF715E /* Earthquakes */,
				17F782C224974442000A568E /* AsynchronousDataProtocol.swift */,
			);
			path = RemoteData;
			sourceTree = "<group>";
		};
		17B4410D24861CB90050A5DF /* UserLocation */ = {
			isa = PBXGroup;
			children = (
				17DDA0462484EB280090E1EB /* LocationEditingProtocol.swift */,
				17D2F6BA2484F6A600404510 /* UserLocationEditorWindow.swift */,
				17DDA0442484E9750090E1EB /* UserLocationEditorController.swift */,
			);
			path = UserLocation;
			sourceTree = "<group>";
		};
		17B4410E24861CD40050A5DF /* CityColor */ = {
			isa = PBXGroup;
			children = (
				17B4410F24861CE30050A5DF /* CityColorWindow.swift */,
				17B4411124861CFD0050A5DF /* CityColorCode.swift */,
			);
			path = CityColor;
			sourceTree = "<group>";
		};
		17BD9E8024867D290054B25E /* Confirmation */ = {
			isa = PBXGroup;
			children = (
				17BD9E8124867D400054B25E /* ConfirmDialogWindow.swift */,
				17BD9E8324867D5E0054B25E /* ConfirmDialogCode.swift */,
				17BD9E8524867DB60054B25E /* ConfirmProtocol.swift */,
			);
			path = Confirmation;
			sourceTree = "<group>";
		};
		17DDA0432484E91F0090E1EB /* SettingsCode */ = {
			isa = PBXGroup;
			children = (
				174F010D248CD0F700F610DD /* MainSettings */,
			);
			path = SettingsCode;
			sourceTree = "<group>";
		};
		17EB790624AEEE5100BB0473 /* EarthquakeDebug */ = {
			isa = PBXGroup;
			children = (
				17EB790724AEEE6B00BB0473 /* EarthquakeDebugWindow.swift */,
				17EB790924AEEE9800BB0473 /* EarthquakeDebugController.swift */,
				17EB790B24AEEED100BB0473 /* EarthquakeDebugger.storyboard */,
			);
			path = EarthquakeDebug;
			sourceTree = "<group>";
		};
		17EF337D247A470400A5B55D /* SettingsStoryboards */ = {
			isa = PBXGroup;
			children = (
				17EF337E247A472C00A5B55D /* Settings.storyboard */,
				174F0106248CCD6C00F610DD /* MapManager.storyboard */,
			);
			path = SettingsStoryboards;
			sourceTree = "<group>";
		};
		17EF3382247A4AF200A5B55D /* SettingsCode */ = {
			isa = PBXGroup;
			children = (
				17DDA0432484E91F0090E1EB /* SettingsCode */,
			);
			path = SettingsCode;
			sourceTree = "<group>";
		};
		17EF338A247A4EAF00A5B55D /* Settings */ = {
			isa = PBXGroup;
			children = (
				17EF338B247A4EBB00A5B55D /* Settings.swift */,
				17EF338D247A4F3A00A5B55D /* SettingChangedProtocol.swift */,
				17EF338F247A4F5D00A5B55D /* SettingTypes.swift */,
			);
			path = Settings;
			sourceTree = "<group>";
		};
		17EF3391247A66BF00A5B55D /* Maps */ = {
			isa = PBXGroup;
			children = (
				177EE5D82480D4BD00CAD1B9 /* Logical */,
				177EE5D72480D4AE00CAD1B9 /* Actual */,
			);
			path = Maps;
			sourceTree = "<group>";
		};
		17EF3398247A672B00A5B55D /* Utilities */ = {
			isa = PBXGroup;
			children = (
				1727EA5B24B184110051EA3B /* DataStructures */,
				17EF3399247A673900A5B55D /* FileIO.swift */,
				17EF33A0247A695400A5B55D /* Extensions.swift */,
				17EF33A2247A699300A5B55D /* Utility.swift */,
				17EF33C2247A961C00A5B55D /* SunGenerator.swift */,
				17EF33C0247A95E300A5B55D /* ColorList.swift */,
				17EB790424AEC8D100BB0473 /* K-Means.swift */,
			);
			path = Utilities;
			sourceTree = "<group>";
		};
		17EF339F247A691C00A5B55D /* Shapes */ = {
			isa = PBXGroup;
			children = (
				17EF339D247A690500A5B55D /* SCNStar.swift */,
				17CC8BB82491C8E400CACED5 /* SCNRegular.swift */,
				17CC8BBC2491EAA200CACED5 /* SCNPin.swift */,
				1792105C2495B23400626FD9 /* SCNSimpleArrow.swift */,
				1792105E2495BA6900626FD9 /* SCNTriangle.swift */,
				17078AE424AC66FC00782E20 /* SCN3DArrow.swift */,
			);
			path = Shapes;
			sourceTree = "<group>";
		};
		17EF33A4247A933100A5B55D /* Astronomy */ = {
			isa = PBXGroup;
			children = (
				17EF33A5247A934A00A5B55D /* Julian.swift */,
				17EF33A7247A936900A5B55D /* Solar.swift */,
				17EF33A9247A938D00A5B55D /* Geometry.swift */,
				17EF33AD247A93C400A5B55D /* TimeHelper.swift */,
				17EF33AF247A93DC00A5B55D /* Miscellaneous.swift */,
				17EF33B1247A93ED00A5B55D /* Sun.swift */,
				17EF33B3247A940800A5B55D /* OrbitalElements.swift */,
				17EF33AB247A93A300A5B55D /* GeoPoint2.swift */,
			);
			path = Astronomy;
			sourceTree = "<group>";
		};
		17EF33B5247A94A800A5B55D /* Cities */ = {
			isa = PBXGroup;
			children = (
				17EF33B6247A94BA00A5B55D /* City.swift */,
				17EF33B8247A94DB00A5B55D /* Cities.swift */,
				17EF33BA247A94F900A5B55D /* CitiesData.swift */,
				17EF33BC247A951400A5B55D /* TimeZoneTable.swift */,
			);
			path = Cities;
			sourceTree = "<group>";
		};
		17FC2210249878F8005A0929 /* Ancillary */ = {
			isa = PBXGroup;
			children = (
				17FC221124987996005A0929 /* LiveDataView */,
			);
			path = Ancillary;
			sourceTree = "<group>";
		};
		17FC221124987996005A0929 /* LiveDataView */ = {
			isa = PBXGroup;
			children = (
				17FC2212249879BE005A0929 /* LiveData.storyboard */,
				17FCCCD624A31EF500393F36 /* Earthquake2Window.swift */,
				17FCCCD824A31F1A00393F36 /* Earthquake2Controller.swift */,
				17FC221424987B1A005A0929 /* LiveDataViewWindow.swift */,
				175F18EB2499E4C30052F653 /* LiveDataViewer.swift */,
			);
			path = LiveDataView;
			sourceTree = "<group>";
		};
/* End PBXGroup section */

/* Begin PBXNativeTarget section */
		1767A8DF24794A0100C434B5 /* Flatland */ = {
			isa = PBXNativeTarget;
			buildConfigurationList = 1767A8F024794A0300C434B5 /* Build configuration list for PBXNativeTarget "Flatland" */;
			buildPhases = (
				17523CCF247B8D1C005209FC /* ShellScript */,
				1767A8DC24794A0100C434B5 /* Sources */,
				1767A8DD24794A0100C434B5 /* Frameworks */,
				1767A8DE24794A0100C434B5 /* Resources */,
			);
			buildRules = (
			);
			dependencies = (
			);
			name = Flatland;
			productName = FlatlandView;
			productReference = 1767A8E024794A0100C434B5 /* Flatland.app */;
			productType = "com.apple.product-type.application";
		};
/* End PBXNativeTarget section */

/* Begin PBXProject section */
		1767A8D824794A0100C434B5 /* Project object */ = {
			isa = PBXProject;
			attributes = {
				LastSwiftUpdateCheck = 1150;
				LastUpgradeCheck = 1200;
				ORGANIZATIONNAME = "Stuart Rankin";
				TargetAttributes = {
					1767A8DF24794A0100C434B5 = {
						CreatedOnToolsVersion = 11.5;
					};
				};
			};
			buildConfigurationList = 1767A8DB24794A0100C434B5 /* Build configuration list for PBXProject "FlatlandView" */;
			compatibilityVersion = "Xcode 9.3";
			developmentRegion = en;
			hasScannedForEncodings = 0;
			knownRegions = (
				en,
				Base,
			);
			mainGroup = 1767A8D724794A0100C434B5;
			productRefGroup = 1767A8E124794A0100C434B5 /* Products */;
			projectDirPath = "";
			projectRoot = "";
			targets = (
				1767A8DF24794A0100C434B5 /* Flatland */,
			);
		};
/* End PBXProject section */

/* Begin PBXResourcesBuildPhase section */
		1767A8DE24794A0100C434B5 /* Resources */ = {
			isa = PBXResourcesBuildPhase;
			buildActionMask = 2147483647;
			files = (
				174F0107248CCD6C00F610DD /* MapManager.storyboard in Resources */,
				17EF337F247A472C00A5B55D /* Settings.storyboard in Resources */,
				1759FC6524A61355001B1D4B /* RecentEarthquakes.storyboard in Resources */,
				178A86952488C0F800BE8D46 /* About.storyboard in Resources */,
				17FC2213249879BE005A0929 /* LiveData.storyboard in Resources */,
				17523CD6247B937F005209FC /* UnescoSites.db in Resources */,
				17EB790C24AEEED100BB0473 /* EarthquakeDebugger.storyboard in Resources */,
				1767A8E824794A0300C434B5 /* Assets.xcassets in Resources */,
				1767A8EB24794A0300C434B5 /* Main.storyboard in Resources */,
			);
			runOnlyForDeploymentPostprocessing = 0;
		};
/* End PBXResourcesBuildPhase section */

/* Begin PBXShellScriptBuildPhase section */
		17523CCF247B8D1C005209FC /* ShellScript */ = {
			isa = PBXShellScriptBuildPhase;
			buildActionMask = 2147483647;
			files = (
			);
			inputFileListPaths = (
			);
			inputPaths = (
			);
			outputFileListPaths = (
			);
			outputPaths = (
			);
			runOnlyForDeploymentPostprocessing = 0;
			shellPath = /bin/sh;
			shellScript = "/Users/Stuart/Documents/GitHub/FlatlandView/FlatlandView/VersionUpdater/VersionUpdater \"/Users/Stuart/Documents/GitHub/FlatlandView/FlatlandView/FlatlandView/Versioning.swift\"\n";
		};
/* End PBXShellScriptBuildPhase section */

/* Begin PBXSourcesBuildPhase section */
		1767A8DC24794A0100C434B5 /* Sources */ = {
			isa = PBXSourcesBuildPhase;
			buildActionMask = 2147483647;
			files = (
				178A869A2488C3B600BE8D46 /* AboutDetailsController.swift in Sources */,
				17F782C324974442000A568E /* AsynchronousDataProtocol.swift in Sources */,
				1720B385248B5255001202E5 /* GetLocationCode.swift in Sources */,
				1740F49B2493173A00F6FAAE /* Hours.swift in Sources */,
				17EF33B9247A94DB00A5B55D /* Cities.swift in Sources */,
				17EF33BD247A951400A5B55D /* TimeZoneTable.swift in Sources */,
				177EE5D22480D47800CAD1B9 /* ActualMapList.swift in Sources */,
				178A86A72489132800BE8D46 /* GlobeProtocol.swift in Sources */,
				17EF33B0247A93DC00A5B55D /* Miscellaneous.swift in Sources */,
				17DDA0452484E9750090E1EB /* UserLocationEditorController.swift in Sources */,
				17EF33C1247A95E300A5B55D /* ColorList.swift in Sources */,
				17F782BF249741B8000A568E /* Earthquake.swift in Sources */,
				17EF33B2247A93ED00A5B55D /* Sun.swift in Sources */,
				174F010A248CD03200F610DD /* MapManagerWindow.swift in Sources */,
				174623D124A81B2B007F5D4C /* DebugSettingsCode.swift in Sources */,
				174623D824A8400E007F5D4C /* StarField3DCode.swift in Sources */,
				17EF33B4247A940900A5B55D /* OrbitalElements.swift in Sources */,
				1720B383248B522C001202E5 /* GetLocationWindow.swift in Sources */,
				17EF3390247A4F5D00A5B55D /* SettingTypes.swift in Sources */,
				17BD9E8224867D400054B25E /* ConfirmDialogWindow.swift in Sources */,
				178A86932488C0E000BE8D46 /* AboutWindow.swift in Sources */,
				17EF338C247A4EBB00A5B55D /* Settings.swift in Sources */,
				17CC8BBD2491EAA200CACED5 /* SCNPin.swift in Sources */,
				178A869C2488C3D100BE8D46 /* AboutDetailsWindow.swift in Sources */,
				17EF3397247A670B00A5B55D /* MapItem.swift in Sources */,
				17EF33B7247A94BA00A5B55D /* City.swift in Sources */,
				17A978A224A720A2004EECAC /* WindowManagement.swift in Sources */,
				1757CACF24949C6300ECA8C1 /* 3DDebugController.swift in Sources */,
				178A86A02489108C00BE8D46 /* +CubicEarth.swift in Sources */,
				1744316F2480F2C10087B00A /* ActualMapIO.swift in Sources */,
				17523CD4247B8E62005209FC /* WorldHeritageSite.swift in Sources */,
				1757CACD24949C3F00ECA8C1 /* 3DDebugWindow.swift in Sources */,
				1759AE5B249F7781003F79F5 /* MainSettingsBase.swift in Sources */,
				17EF33A8247A936900A5B55D /* Solar.swift in Sources */,
				17EF339A247A673900A5B55D /* FileIO.swift in Sources */,
				1720B388248B68A1001202E5 /* AutoLocationProtocol.swift in Sources */,
				1759AE62249F81A4003F79F5 /* UserLocation.swift in Sources */,
				174F010C248CD05E00F610DD /* MapManagerCode.swift in Sources */,
				17EF339E247A690500A5B55D /* SCNStar.swift in Sources */,
				1759AE60249F817B003F79F5 /* MapSelector.swift in Sources */,
				174623D624A83FF0007F5D4C /* StarField3DWindow.swift in Sources */,
				1727EA5824B15CD10051EA3B /* +UserCamera.swift in Sources */,
				1759AE6A249F823A003F79F5 /* EarthquakeSettingsWindow.swift in Sources */,
				17F782C524979218000A568E /* +Earthquakes.swift in Sources */,
				1720B38E248B82A9001202E5 /* +2DCities.swift in Sources */,
				1720B38A248B8181001202E5 /* +NightMask.swift in Sources */,
				17078AE524AC66FC00782E20 /* SCN3DArrow.swift in Sources */,
				1767A8E624794A0100C434B5 /* MainView.swift in Sources */,
				17D55F2F249DE4DA00A64B2B /* +2DEarthquakes.swift in Sources */,
				17EB790824AEEE6B00BB0473 /* EarthquakeDebugWindow.swift in Sources */,
				178A86A22489127C00BE8D46 /* +Hours.swift in Sources */,
				17EF33AE247A93C400A5B55D /* TimeHelper.swift in Sources */,
				17EF33BB247A94F900A5B55D /* CitiesData.swift in Sources */,
				177EE5D42480D49200CAD1B9 /* ActualMap.swift in Sources */,
				177EE5D62480D4A700CAD1B9 /* ActualMapGroup.swift in Sources */,
				17EF3393247A66D200A5B55D /* MapManager.swift in Sources */,
				17EF33BF247A958B00A5B55D /* Versioning.swift in Sources */,
				174623D324A83026007F5D4C /* +ChangedSettings.swift in Sources */,
				1759AE66249F81F6003F79F5 /* View3DSettingsWindow.swift in Sources */,
				17FCCCD724A31EF500393F36 /* Earthquake2Window.swift in Sources */,
				1727EA5A24B170730051EA3B /* Queue.swift in Sources */,
				17EB790524AEC8D100BB0473 /* K-Means.swift in Sources */,
				17EF339C247A68C600A5B55D /* Enums.swift in Sources */,
				17EF3389247A4E3D00A5B55D /* MainProtocol.swift in Sources */,
				1759FC6924A615BD001B1D4B /* RecentEarthquakeController.swift in Sources */,
				17FCCCD924A31F1A00393F36 /* Earthquake2Controller.swift in Sources */,
				175F18EC2499E4C30052F653 /* LiveDataViewer.swift in Sources */,
				1759FC6724A615A2001B1D4B /* RecentEarthquakeWindow.swift in Sources */,
				173EB18B2490D1B7006CDB86 /* +Orbits.swift in Sources */,
				1720B38C248B81B3001202E5 /* +2DHours.swift in Sources */,
				1759AE59249F7715003F79F5 /* ContainerController.swift in Sources */,
				17EF33AA247A938D00A5B55D /* Geometry.swift in Sources */,
				17BD9E8624867DB60054B25E /* ConfirmProtocol.swift in Sources */,
				17EF33A1247A695400A5B55D /* Extensions.swift in Sources */,
				1759AE68249F8215003F79F5 /* OtherLocationsWindow.swift in Sources */,
				17FC221524987B1A005A0929 /* LiveDataViewWindow.swift in Sources */,
				17B4411224861CFD0050A5DF /* CityColorCode.swift in Sources */,
				178A869E2489101E00BE8D46 /* StarField.swift in Sources */,
				17EF33AC247A93A300A5B55D /* GeoPoint2.swift in Sources */,
				1759AE64249F81D3003F79F5 /* View2DSettingsWindow.swift in Sources */,
				1750961C2482531100A3757C /* MainWindow.swift in Sources */,
				17F440D7247CD72E00FD440E /* +DrawGrid.swift in Sources */,
				1792105D2495B23400626FD9 /* SCNSimpleArrow.swift in Sources */,
				17EF33C3247A961C00A5B55D /* SunGenerator.swift in Sources */,
				17DDA0472484EB280090E1EB /* LocationEditingProtocol.swift in Sources */,
				17523CD2247B8E11005209FC /* +MoreLocations.swift in Sources */,
				1792105F2495BA6900626FD9 /* SCNTriangle.swift in Sources */,
				17EF3395247A66F000A5B55D /* MapList.swift in Sources */,
				17EF33A6247A934A00A5B55D /* Julian.swift in Sources */,
				17B4411024861CE30050A5DF /* CityColorWindow.swift in Sources */,
				178A86A4248912FA00BE8D46 /* +Locations.swift in Sources */,
				17523CDB247B973E005209FC /* +FlatView.swift in Sources */,
				17EB790A24AEEE9800BB0473 /* EarthquakeDebugController.swift in Sources */,
				1727EA5D24B184230051EA3B /* Tree.swift in Sources */,
				178A86A92489134300BE8D46 /* +GridLines.swift in Sources */,
				17D2F6BB2484F6A600404510 /* UserLocationEditorWindow.swift in Sources */,
				17D2F6BF24851FB900404510 /* MainSettingsWindow.swift in Sources */,
				1759AE5E249F811E003F79F5 /* OtherOptions.swift in Sources */,
				1759AE6C249F8264003F79F5 /* CitySettingsWindow.swift in Sources */,
				17EF33A3247A699300A5B55D /* Utility.swift in Sources */,
				17BD9E8424867D5E0054B25E /* ConfirmDialogCode.swift in Sources */,
				1707A7AF249CACAB00A90FCA /* Earthquake2.swift in Sources */,
				17CC8BB92491C8E400CACED5 /* SCNRegular.swift in Sources */,
				17F782C1249742A1000A568E /* USGS.swift in Sources */,
				1767A8E424794A0100C434B5 /* AppDelegate.swift in Sources */,
				17EF338E247A4F3A00A5B55D /* SettingChangedProtocol.swift in Sources */,
				178A86AB2489135C00BE8D46 /* GlobeView.swift in Sources */,
				178A86972488C23C00BE8D46 /* AboutController.swift in Sources */,
			);
			runOnlyForDeploymentPostprocessing = 0;
		};
/* End PBXSourcesBuildPhase section */

/* Begin PBXVariantGroup section */
		1767A8E924794A0300C434B5 /* Main.storyboard */ = {
			isa = PBXVariantGroup;
			children = (
				1767A8EA24794A0300C434B5 /* Base */,
			);
			name = Main.storyboard;
			sourceTree = "<group>";
		};
/* End PBXVariantGroup section */

/* Begin XCBuildConfiguration section */
		1767A8EE24794A0300C434B5 /* Debug */ = {
			isa = XCBuildConfiguration;
			buildSettings = {
				ALWAYS_SEARCH_USER_PATHS = NO;
				CLANG_ANALYZER_NONNULL = YES;
				CLANG_ANALYZER_NUMBER_OBJECT_CONVERSION = YES_AGGRESSIVE;
				CLANG_CXX_LANGUAGE_STANDARD = "gnu++14";
				CLANG_CXX_LIBRARY = "libc++";
				CLANG_ENABLE_MODULES = YES;
				CLANG_ENABLE_OBJC_ARC = YES;
				CLANG_ENABLE_OBJC_WEAK = YES;
				CLANG_WARN_BLOCK_CAPTURE_AUTORELEASING = YES;
				CLANG_WARN_BOOL_CONVERSION = YES;
				CLANG_WARN_COMMA = YES;
				CLANG_WARN_CONSTANT_CONVERSION = YES;
				CLANG_WARN_DEPRECATED_OBJC_IMPLEMENTATIONS = YES;
				CLANG_WARN_DIRECT_OBJC_ISA_USAGE = YES_ERROR;
				CLANG_WARN_DOCUMENTATION_COMMENTS = YES;
				CLANG_WARN_EMPTY_BODY = YES;
				CLANG_WARN_ENUM_CONVERSION = YES;
				CLANG_WARN_INFINITE_RECURSION = YES;
				CLANG_WARN_INT_CONVERSION = YES;
				CLANG_WARN_NON_LITERAL_NULL_CONVERSION = YES;
				CLANG_WARN_OBJC_IMPLICIT_RETAIN_SELF = YES;
				CLANG_WARN_OBJC_LITERAL_CONVERSION = YES;
				CLANG_WARN_OBJC_ROOT_CLASS = YES_ERROR;
				CLANG_WARN_QUOTED_INCLUDE_IN_FRAMEWORK_HEADER = YES;
				CLANG_WARN_RANGE_LOOP_ANALYSIS = YES;
				CLANG_WARN_STRICT_PROTOTYPES = YES;
				CLANG_WARN_SUSPICIOUS_MOVE = YES;
				CLANG_WARN_UNGUARDED_AVAILABILITY = YES_AGGRESSIVE;
				CLANG_WARN_UNREACHABLE_CODE = YES;
				CLANG_WARN__DUPLICATE_METHOD_MATCH = YES;
				COPY_PHASE_STRIP = NO;
				DEBUG_INFORMATION_FORMAT = dwarf;
				ENABLE_STRICT_OBJC_MSGSEND = YES;
				ENABLE_TESTABILITY = YES;
				GCC_C_LANGUAGE_STANDARD = gnu11;
				GCC_DYNAMIC_NO_PIC = NO;
				GCC_NO_COMMON_BLOCKS = YES;
				GCC_OPTIMIZATION_LEVEL = 0;
				GCC_PREPROCESSOR_DEFINITIONS = (
					"DEBUG=1",
					"$(inherited)",
				);
				GCC_WARN_64_TO_32_BIT_CONVERSION = YES;
				GCC_WARN_ABOUT_RETURN_TYPE = YES_ERROR;
				GCC_WARN_UNDECLARED_SELECTOR = YES;
				GCC_WARN_UNINITIALIZED_AUTOS = YES_AGGRESSIVE;
				GCC_WARN_UNUSED_FUNCTION = YES;
				GCC_WARN_UNUSED_VARIABLE = YES;
				MACOSX_DEPLOYMENT_TARGET = 10.15;
				MTL_ENABLE_DEBUG_INFO = INCLUDE_SOURCE;
				MTL_FAST_MATH = YES;
				ONLY_ACTIVE_ARCH = YES;
				SDKROOT = macosx;
				SWIFT_ACTIVE_COMPILATION_CONDITIONS = DEBUG;
				SWIFT_OPTIMIZATION_LEVEL = "-Onone";
				SWIFT_VERSION = 5.0;
			};
			name = Debug;
		};
		1767A8EF24794A0300C434B5 /* Release */ = {
			isa = XCBuildConfiguration;
			buildSettings = {
				ALWAYS_SEARCH_USER_PATHS = NO;
				CLANG_ANALYZER_NONNULL = YES;
				CLANG_ANALYZER_NUMBER_OBJECT_CONVERSION = YES_AGGRESSIVE;
				CLANG_CXX_LANGUAGE_STANDARD = "gnu++14";
				CLANG_CXX_LIBRARY = "libc++";
				CLANG_ENABLE_MODULES = YES;
				CLANG_ENABLE_OBJC_ARC = YES;
				CLANG_ENABLE_OBJC_WEAK = YES;
				CLANG_WARN_BLOCK_CAPTURE_AUTORELEASING = YES;
				CLANG_WARN_BOOL_CONVERSION = YES;
				CLANG_WARN_COMMA = YES;
				CLANG_WARN_CONSTANT_CONVERSION = YES;
				CLANG_WARN_DEPRECATED_OBJC_IMPLEMENTATIONS = YES;
				CLANG_WARN_DIRECT_OBJC_ISA_USAGE = YES_ERROR;
				CLANG_WARN_DOCUMENTATION_COMMENTS = YES;
				CLANG_WARN_EMPTY_BODY = YES;
				CLANG_WARN_ENUM_CONVERSION = YES;
				CLANG_WARN_INFINITE_RECURSION = YES;
				CLANG_WARN_INT_CONVERSION = YES;
				CLANG_WARN_NON_LITERAL_NULL_CONVERSION = YES;
				CLANG_WARN_OBJC_IMPLICIT_RETAIN_SELF = YES;
				CLANG_WARN_OBJC_LITERAL_CONVERSION = YES;
				CLANG_WARN_OBJC_ROOT_CLASS = YES_ERROR;
				CLANG_WARN_QUOTED_INCLUDE_IN_FRAMEWORK_HEADER = YES;
				CLANG_WARN_RANGE_LOOP_ANALYSIS = YES;
				CLANG_WARN_STRICT_PROTOTYPES = YES;
				CLANG_WARN_SUSPICIOUS_MOVE = YES;
				CLANG_WARN_UNGUARDED_AVAILABILITY = YES_AGGRESSIVE;
				CLANG_WARN_UNREACHABLE_CODE = YES;
				CLANG_WARN__DUPLICATE_METHOD_MATCH = YES;
				COPY_PHASE_STRIP = NO;
				DEBUG_INFORMATION_FORMAT = "dwarf-with-dsym";
				ENABLE_NS_ASSERTIONS = NO;
				ENABLE_STRICT_OBJC_MSGSEND = YES;
				GCC_C_LANGUAGE_STANDARD = gnu11;
				GCC_NO_COMMON_BLOCKS = YES;
				GCC_WARN_64_TO_32_BIT_CONVERSION = YES;
				GCC_WARN_ABOUT_RETURN_TYPE = YES_ERROR;
				GCC_WARN_UNDECLARED_SELECTOR = YES;
				GCC_WARN_UNINITIALIZED_AUTOS = YES_AGGRESSIVE;
				GCC_WARN_UNUSED_FUNCTION = YES;
				GCC_WARN_UNUSED_VARIABLE = YES;
				MACOSX_DEPLOYMENT_TARGET = 10.15;
				MTL_ENABLE_DEBUG_INFO = NO;
				MTL_FAST_MATH = YES;
				SDKROOT = macosx;
				SWIFT_COMPILATION_MODE = wholemodule;
				SWIFT_OPTIMIZATION_LEVEL = "-O";
				SWIFT_VERSION = 5.0;
			};
			name = Release;
		};
		1767A8F124794A0300C434B5 /* Debug */ = {
			isa = XCBuildConfiguration;
			buildSettings = {
				ASSETCATALOG_COMPILER_APPICON_NAME = AppIcon;
				CODE_SIGN_ENTITLEMENTS = FlatlandView/FlatlandView.entitlements;
				CODE_SIGN_IDENTITY = "-";
				CODE_SIGN_STYLE = Automatic;
				COMBINE_HIDPI_IMAGES = YES;
				DEVELOPMENT_TEAM = 4BB235M4GL;
				ENABLE_HARDENED_RUNTIME = NO;
				INFOPLIST_FILE = FlatlandView/Info.plist;
				LD_RUNPATH_SEARCH_PATHS = (
					"$(inherited)",
					"@executable_path/../Frameworks",
				);
				PRODUCT_BUNDLE_IDENTIFIER = Irorio.FlatlandView;
				PRODUCT_NAME = "$(TARGET_NAME)";
				SWIFT_VERSION = 5.0;
			};
			name = Debug;
		};
		1767A8F224794A0300C434B5 /* Release */ = {
			isa = XCBuildConfiguration;
			buildSettings = {
				ASSETCATALOG_COMPILER_APPICON_NAME = AppIcon;
				CODE_SIGN_ENTITLEMENTS = FlatlandView/FlatlandView.entitlements;
				CODE_SIGN_IDENTITY = "-";
				CODE_SIGN_STYLE = Automatic;
				COMBINE_HIDPI_IMAGES = YES;
				DEVELOPMENT_TEAM = 4BB235M4GL;
				ENABLE_HARDENED_RUNTIME = NO;
				INFOPLIST_FILE = FlatlandView/Info.plist;
				LD_RUNPATH_SEARCH_PATHS = (
					"$(inherited)",
					"@executable_path/../Frameworks",
				);
				PRODUCT_BUNDLE_IDENTIFIER = Irorio.FlatlandView;
				PRODUCT_NAME = "$(TARGET_NAME)";
				SWIFT_VERSION = 5.0;
			};
			name = Release;
		};
/* End XCBuildConfiguration section */

/* Begin XCConfigurationList section */
		1767A8DB24794A0100C434B5 /* Build configuration list for PBXProject "FlatlandView" */ = {
			isa = XCConfigurationList;
			buildConfigurations = (
				1767A8EE24794A0300C434B5 /* Debug */,
				1767A8EF24794A0300C434B5 /* Release */,
			);
			defaultConfigurationIsVisible = 0;
			defaultConfigurationName = Release;
		};
		1767A8F024794A0300C434B5 /* Build configuration list for PBXNativeTarget "Flatland" */ = {
			isa = XCConfigurationList;
			buildConfigurations = (
				1767A8F124794A0300C434B5 /* Debug */,
				1767A8F224794A0300C434B5 /* Release */,
			);
			defaultConfigurationIsVisible = 0;
			defaultConfigurationName = Release;
		};
/* End XCConfigurationList section */
	};
	rootObject = 1767A8D824794A0100C434B5 /* Project object */;
}
